// !$*UTF8*$!
{
	archiveVersion = 1;
	classes = {
	};
	objectVersion = 46;
	objects = {

/* Begin PBXBuildFile section */
		DEA90EAB32CA852F169D6C2C /* Pods_wqcom.framework in Frameworks */ = {isa = PBXBuildFile; fileRef = 7B27D3C514505AF282CE340E /* Pods_wqcom.framework */; };
		FC052CF71F78D8DE0072D2AB /* GDWebViewController in Resources */ = {isa = PBXBuildFile; fileRef = FC052CF61F78D8DE0072D2AB /* GDWebViewController */; };
		FC052CFC1F78DB5A0072D2AB /* GDWebViewController.swift in Sources */ = {isa = PBXBuildFile; fileRef = FC052CFA1F78DB5A0072D2AB /* GDWebViewController.swift */; };
		FC052CFD1F78DB5A0072D2AB /* GDWebViewNavigationToolbar.swift in Sources */ = {isa = PBXBuildFile; fileRef = FC052CFB1F78DB5A0072D2AB /* GDWebViewNavigationToolbar.swift */; };
		FC1E83D91F78D04C00F95589 /* WKWebViewController.swift in Sources */ = {isa = PBXBuildFile; fileRef = FC1E83D81F78D04C00F95589 /* WKWebViewController.swift */; };
		FC337D191F5FA0810095F319 /* DeviceUtils.swift in Sources */ = {isa = PBXBuildFile; fileRef = FC337D181F5FA0800095F319 /* DeviceUtils.swift */; };
		FC7B5AE81F6FA262003AB327 /* PushKit.framework in Frameworks */ = {isa = PBXBuildFile; fileRef = FC7B5AE71F6FA262003AB327 /* PushKit.framework */; };
		FC7B5AEA1F6FA26A003AB327 /* UserNotifications.framework in Frameworks */ = {isa = PBXBuildFile; fileRef = FC7B5AE91F6FA26A003AB327 /* UserNotifications.framework */; };
		FC8BC7AF1F7289750085BF70 /* TestViewController.swift in Sources */ = {isa = PBXBuildFile; fileRef = FC8BC7AE1F7289750085BF70 /* TestViewController.swift */; };
		FC95B8E61F6F81DB00E2D162 /* GoogleService-Info.plist in Resources */ = {isa = PBXBuildFile; fileRef = FC95B8E51F6F81DB00E2D162 /* GoogleService-Info.plist */; };
		FCC4D23D1F5520F800D0A14B /* AppDelegate.swift in Sources */ = {isa = PBXBuildFile; fileRef = FCC4D23C1F5520F800D0A14B /* AppDelegate.swift */; };
		FCC4D23F1F5520F800D0A14B /* ViewController.swift in Sources */ = {isa = PBXBuildFile; fileRef = FCC4D23E1F5520F800D0A14B /* ViewController.swift */; };
		FCC4D2421F5520F800D0A14B /* Main.storyboard in Resources */ = {isa = PBXBuildFile; fileRef = FCC4D2401F5520F800D0A14B /* Main.storyboard */; };
		FCC4D2451F5520F800D0A14B /* wqcom.xcdatamodeld in Sources */ = {isa = PBXBuildFile; fileRef = FCC4D2431F5520F800D0A14B /* wqcom.xcdatamodeld */; };
		FCC4D2471F5520F800D0A14B /* Assets.xcassets in Resources */ = {isa = PBXBuildFile; fileRef = FCC4D2461F5520F800D0A14B /* Assets.xcassets */; };
		FCC4D24A1F5520F800D0A14B /* LaunchScreen.storyboard in Resources */ = {isa = PBXBuildFile; fileRef = FCC4D2481F5520F800D0A14B /* LaunchScreen.storyboard */; };
		FCC4D2521F55222B00D0A14B /* Constants.swift in Sources */ = {isa = PBXBuildFile; fileRef = FCC4D2511F55222B00D0A14B /* Constants.swift */; };
		FCC4D2541F55242A00D0A14B /* WebViewController.swift in Sources */ = {isa = PBXBuildFile; fileRef = FCC4D2531F55242A00D0A14B /* WebViewController.swift */; };
		FCC9A4441F611B5C00D581C5 /* SimpleWebViewController.swift in Sources */ = {isa = PBXBuildFile; fileRef = FCC9A4431F611B5C00D581C5 /* SimpleWebViewController.swift */; };
/* End PBXBuildFile section */

/* Begin PBXFileReference section */
		5300B86EFA9E81CEF85E1BB5 /* Pods-wqcom.debug.xcconfig */ = {isa = PBXFileReference; includeInIndex = 1; lastKnownFileType = text.xcconfig; name = "Pods-wqcom.debug.xcconfig"; path = "Pods/Target Support Files/Pods-wqcom/Pods-wqcom.debug.xcconfig"; sourceTree = "<group>"; };
		7B27D3C514505AF282CE340E /* Pods_wqcom.framework */ = {isa = PBXFileReference; explicitFileType = wrapper.framework; includeInIndex = 0; path = Pods_wqcom.framework; sourceTree = BUILT_PRODUCTS_DIR; };
		C03200E4ED4504292AFAA20A /* Pods-wqcom.release.xcconfig */ = {isa = PBXFileReference; includeInIndex = 1; lastKnownFileType = text.xcconfig; name = "Pods-wqcom.release.xcconfig"; path = "Pods/Target Support Files/Pods-wqcom/Pods-wqcom.release.xcconfig"; sourceTree = "<group>"; };
		FC052CF61F78D8DE0072D2AB /* GDWebViewController */ = {isa = PBXFileReference; lastKnownFileType = folder; path = GDWebViewController; sourceTree = "<group>"; };
		FC052CFA1F78DB5A0072D2AB /* GDWebViewController.swift */ = {isa = PBXFileReference; lastKnownFileType = sourcecode.swift; name = GDWebViewController.swift; path = GDWebViewController/GDWebViewController.swift; sourceTree = "<group>"; };
		FC052CFB1F78DB5A0072D2AB /* GDWebViewNavigationToolbar.swift */ = {isa = PBXFileReference; lastKnownFileType = sourcecode.swift; name = GDWebViewNavigationToolbar.swift; path = GDWebViewController/GDWebViewNavigationToolbar.swift; sourceTree = "<group>"; };
		FC1E83D81F78D04C00F95589 /* WKWebViewController.swift */ = {isa = PBXFileReference; fileEncoding = 4; lastKnownFileType = sourcecode.swift; path = WKWebViewController.swift; sourceTree = "<group>"; };
		FC337D181F5FA0800095F319 /* DeviceUtils.swift */ = {isa = PBXFileReference; fileEncoding = 4; lastKnownFileType = sourcecode.swift; path = DeviceUtils.swift; sourceTree = "<group>"; };
		FC7B5AE61F6FA195003AB327 /* wqcom.entitlements */ = {isa = PBXFileReference; lastKnownFileType = text.plist.entitlements; path = wqcom.entitlements; sourceTree = "<group>"; };
		FC7B5AE71F6FA262003AB327 /* PushKit.framework */ = {isa = PBXFileReference; lastKnownFileType = wrapper.framework; name = PushKit.framework; path = System/Library/Frameworks/PushKit.framework; sourceTree = SDKROOT; };
		FC7B5AE91F6FA26A003AB327 /* UserNotifications.framework */ = {isa = PBXFileReference; lastKnownFileType = wrapper.framework; name = UserNotifications.framework; path = System/Library/Frameworks/UserNotifications.framework; sourceTree = SDKROOT; };
		FC8BC7AE1F7289750085BF70 /* TestViewController.swift */ = {isa = PBXFileReference; fileEncoding = 4; lastKnownFileType = sourcecode.swift; path = TestViewController.swift; sourceTree = "<group>"; };
		FC95B8E51F6F81DB00E2D162 /* GoogleService-Info.plist */ = {isa = PBXFileReference; fileEncoding = 4; lastKnownFileType = text.plist.xml; path = "GoogleService-Info.plist"; sourceTree = "<group>"; };
		FCC4D2391F5520F800D0A14B /* wqcom.app */ = {isa = PBXFileReference; explicitFileType = wrapper.application; includeInIndex = 0; path = wqcom.app; sourceTree = BUILT_PRODUCTS_DIR; };
		FCC4D23C1F5520F800D0A14B /* AppDelegate.swift */ = {isa = PBXFileReference; lastKnownFileType = sourcecode.swift; path = AppDelegate.swift; sourceTree = "<group>"; };
		FCC4D23E1F5520F800D0A14B /* ViewController.swift */ = {isa = PBXFileReference; lastKnownFileType = sourcecode.swift; path = ViewController.swift; sourceTree = "<group>"; };
		FCC4D2411F5520F800D0A14B /* Base */ = {isa = PBXFileReference; lastKnownFileType = file.storyboard; name = Base; path = Base.lproj/Main.storyboard; sourceTree = "<group>"; };
		FCC4D2441F5520F800D0A14B /* wqcom.xcdatamodel */ = {isa = PBXFileReference; lastKnownFileType = wrapper.xcdatamodel; path = wqcom.xcdatamodel; sourceTree = "<group>"; };
		FCC4D2461F5520F800D0A14B /* Assets.xcassets */ = {isa = PBXFileReference; lastKnownFileType = folder.assetcatalog; path = Assets.xcassets; sourceTree = "<group>"; };
		FCC4D2491F5520F800D0A14B /* Base */ = {isa = PBXFileReference; lastKnownFileType = file.storyboard; name = Base; path = Base.lproj/LaunchScreen.storyboard; sourceTree = "<group>"; };
		FCC4D24B1F5520F800D0A14B /* Info.plist */ = {isa = PBXFileReference; lastKnownFileType = text.plist.xml; path = Info.plist; sourceTree = "<group>"; };
		FCC4D2511F55222B00D0A14B /* Constants.swift */ = {isa = PBXFileReference; fileEncoding = 4; lastKnownFileType = sourcecode.swift; path = Constants.swift; sourceTree = "<group>"; };
		FCC4D2531F55242A00D0A14B /* WebViewController.swift */ = {isa = PBXFileReference; fileEncoding = 4; lastKnownFileType = sourcecode.swift; path = WebViewController.swift; sourceTree = "<group>"; };
		FCC9A4431F611B5C00D581C5 /* SimpleWebViewController.swift */ = {isa = PBXFileReference; fileEncoding = 4; lastKnownFileType = sourcecode.swift; path = SimpleWebViewController.swift; sourceTree = "<group>"; };
/* End PBXFileReference section */

/* Begin PBXFrameworksBuildPhase section */
		FCC4D2361F5520F800D0A14B /* Frameworks */ = {
			isa = PBXFrameworksBuildPhase;
			buildActionMask = 2147483647;
			files = (
				FC7B5AEA1F6FA26A003AB327 /* UserNotifications.framework in Frameworks */,
				FC7B5AE81F6FA262003AB327 /* PushKit.framework in Frameworks */,
				DEA90EAB32CA852F169D6C2C /* Pods_wqcom.framework in Frameworks */,
			);
			runOnlyForDeploymentPostprocessing = 0;
		};
/* End PBXFrameworksBuildPhase section */

/* Begin PBXGroup section */
		6D297F7609BB1B7C89D75AAD /* Frameworks */ = {
			isa = PBXGroup;
			children = (
				FC7B5AE91F6FA26A003AB327 /* UserNotifications.framework */,
				FC7B5AE71F6FA262003AB327 /* PushKit.framework */,
				7B27D3C514505AF282CE340E /* Pods_wqcom.framework */,
			);
			name = Frameworks;
			sourceTree = "<group>";
		};
		7274ADF84D01E4468BE5F1A1 /* Pods */ = {
			isa = PBXGroup;
			children = (
				5300B86EFA9E81CEF85E1BB5 /* Pods-wqcom.debug.xcconfig */,
				C03200E4ED4504292AFAA20A /* Pods-wqcom.release.xcconfig */,
			);
			name = Pods;
			sourceTree = "<group>";
		};
		FC052CF51F78D8A40072D2AB /* External */ = {
			isa = PBXGroup;
			children = (
				FC052CF61F78D8DE0072D2AB /* GDWebViewController */,
			);
			name = External;
			path = ..;
			sourceTree = "<group>";
		};
		FCC4D2301F5520F800D0A14B = {
			isa = PBXGroup;
			children = (
				FC052CFA1F78DB5A0072D2AB /* GDWebViewController.swift */,
				FC052CFB1F78DB5A0072D2AB /* GDWebViewNavigationToolbar.swift */,
				FCC4D23B1F5520F800D0A14B /* wqcom */,
				FCC4D23A1F5520F800D0A14B /* Products */,
				7274ADF84D01E4468BE5F1A1 /* Pods */,
				6D297F7609BB1B7C89D75AAD /* Frameworks */,
			);
			sourceTree = "<group>";
		};
		FCC4D23A1F5520F800D0A14B /* Products */ = {
			isa = PBXGroup;
			children = (
				FCC4D2391F5520F800D0A14B /* wqcom.app */,
			);
			name = Products;
			sourceTree = "<group>";
		};
		FCC4D23B1F5520F800D0A14B /* wqcom */ = {
			isa = PBXGroup;
			children = (
				FC052CF51F78D8A40072D2AB /* External */,
				FC7B5AE61F6FA195003AB327 /* wqcom.entitlements */,
				FCC4D23C1F5520F800D0A14B /* AppDelegate.swift */,
				FCC4D23E1F5520F800D0A14B /* ViewController.swift */,
				FCC4D2401F5520F800D0A14B /* Main.storyboard */,
				FC8BC7AE1F7289750085BF70 /* TestViewController.swift */,
				FC337D181F5FA0800095F319 /* DeviceUtils.swift */,
				FCC9A4431F611B5C00D581C5 /* SimpleWebViewController.swift */,
				FCC4D2531F55242A00D0A14B /* WebViewController.swift */,
				FC1E83D81F78D04C00F95589 /* WKWebViewController.swift */,
				FCC4D2511F55222B00D0A14B /* Constants.swift */,
				FCC4D2461F5520F800D0A14B /* Assets.xcassets */,
				FCC4D2481F5520F800D0A14B /* LaunchScreen.storyboard */,
				FCC4D24B1F5520F800D0A14B /* Info.plist */,
				FC95B8E51F6F81DB00E2D162 /* GoogleService-Info.plist */,
				FCC4D2431F5520F800D0A14B /* wqcom.xcdatamodeld */,
			);
			path = wqcom;
			sourceTree = "<group>";
		};
/* End PBXGroup section */

/* Begin PBXNativeTarget section */
		FCC4D2381F5520F800D0A14B /* wqcom */ = {
			isa = PBXNativeTarget;
			buildConfigurationList = FCC4D24E1F5520F800D0A14B /* Build configuration list for PBXNativeTarget "wqcom" */;
			buildPhases = (
				07FB1BFE00941A7E41FB142A /* [CP] Check Pods Manifest.lock */,
				FCC4D2351F5520F800D0A14B /* Sources */,
				FCC4D2361F5520F800D0A14B /* Frameworks */,
				FCC4D2371F5520F800D0A14B /* Resources */,
				7CB939BC8DD9C586160E921F /* [CP] Embed Pods Frameworks */,
				5894EECDD2C0B6AC987B4D94 /* [CP] Copy Pods Resources */,
			);
			buildRules = (
			);
			dependencies = (
			);
			name = wqcom;
			productName = wqcom;
			productReference = FCC4D2391F5520F800D0A14B /* wqcom.app */;
			productType = "com.apple.product-type.application";
		};
/* End PBXNativeTarget section */

/* Begin PBXProject section */
		FCC4D2311F5520F800D0A14B /* Project object */ = {
			isa = PBXProject;
			attributes = {
				LastSwiftUpdateCheck = 0830;
				LastUpgradeCheck = 0830;
				ORGANIZATIONNAME = jjlee;
				TargetAttributes = {
					FCC4D2381F5520F800D0A14B = {
						CreatedOnToolsVersion = 8.3.3;
						DevelopmentTeam = F2PQWDVT9F;
						ProvisioningStyle = Manual;
						SystemCapabilities = {
							com.apple.BackgroundModes = {
								enabled = 1;
							};
							com.apple.Push = {
								enabled = 1;
							};
						};
					};
				};
			};
			buildConfigurationList = FCC4D2341F5520F800D0A14B /* Build configuration list for PBXProject "Wqcom" */;
			compatibilityVersion = "Xcode 3.2";
			developmentRegion = English;
			hasScannedForEncodings = 0;
			knownRegions = (
				en,
				Base,
			);
			mainGroup = FCC4D2301F5520F800D0A14B;
			productRefGroup = FCC4D23A1F5520F800D0A14B /* Products */;
			projectDirPath = "";
			projectRoot = "";
			targets = (
				FCC4D2381F5520F800D0A14B /* wqcom */,
			);
		};
/* End PBXProject section */

/* Begin PBXResourcesBuildPhase section */
		FCC4D2371F5520F800D0A14B /* Resources */ = {
			isa = PBXResourcesBuildPhase;
			buildActionMask = 2147483647;
			files = (
				FCC4D24A1F5520F800D0A14B /* LaunchScreen.storyboard in Resources */,
				FC95B8E61F6F81DB00E2D162 /* GoogleService-Info.plist in Resources */,
				FC052CF71F78D8DE0072D2AB /* GDWebViewController in Resources */,
				FCC4D2471F5520F800D0A14B /* Assets.xcassets in Resources */,
				FCC4D2421F5520F800D0A14B /* Main.storyboard in Resources */,
			);
			runOnlyForDeploymentPostprocessing = 0;
		};
/* End PBXResourcesBuildPhase section */

/* Begin PBXShellScriptBuildPhase section */
		07FB1BFE00941A7E41FB142A /* [CP] Check Pods Manifest.lock */ = {
			isa = PBXShellScriptBuildPhase;
			buildActionMask = 2147483647;
			files = (
			);
			inputPaths = (
			);
			name = "[CP] Check Pods Manifest.lock";
			outputPaths = (
			);
			runOnlyForDeploymentPostprocessing = 0;
			shellPath = /bin/sh;
			shellScript = "diff \"${PODS_ROOT}/../Podfile.lock\" \"${PODS_ROOT}/Manifest.lock\" > /dev/null\nif [ $? != 0 ] ; then\n    # print error to STDERR\n    echo \"error: The sandbox is not in sync with the Podfile.lock. Run 'pod install' or update your CocoaPods installation.\" >&2\n    exit 1\nfi\n";
			showEnvVarsInLog = 0;
		};
		5894EECDD2C0B6AC987B4D94 /* [CP] Copy Pods Resources */ = {
			isa = PBXShellScriptBuildPhase;
			buildActionMask = 2147483647;
			files = (
			);
			inputPaths = (
			);
			name = "[CP] Copy Pods Resources";
			outputPaths = (
			);
			runOnlyForDeploymentPostprocessing = 0;
			shellPath = /bin/sh;
			shellScript = "\"${SRCROOT}/Pods/Target Support Files/Pods-wqcom/Pods-wqcom-resources.sh\"\n";
			showEnvVarsInLog = 0;
		};
		7CB939BC8DD9C586160E921F /* [CP] Embed Pods Frameworks */ = {
			isa = PBXShellScriptBuildPhase;
			buildActionMask = 2147483647;
			files = (
			);
			inputPaths = (
			);
			name = "[CP] Embed Pods Frameworks";
			outputPaths = (
			);
			runOnlyForDeploymentPostprocessing = 0;
			shellPath = /bin/sh;
			shellScript = "\"${SRCROOT}/Pods/Target Support Files/Pods-wqcom/Pods-wqcom-frameworks.sh\"\n";
			showEnvVarsInLog = 0;
		};
/* End PBXShellScriptBuildPhase section */

/* Begin PBXSourcesBuildPhase section */
		FCC4D2351F5520F800D0A14B /* Sources */ = {
			isa = PBXSourcesBuildPhase;
			buildActionMask = 2147483647;
			files = (
				FC052CFC1F78DB5A0072D2AB /* GDWebViewController.swift in Sources */,
				FC052CFD1F78DB5A0072D2AB /* GDWebViewNavigationToolbar.swift in Sources */,
				FCC9A4441F611B5C00D581C5 /* SimpleWebViewController.swift in Sources */,
				FCC4D23F1F5520F800D0A14B /* ViewController.swift in Sources */,
				FC8BC7AF1F7289750085BF70 /* TestViewController.swift in Sources */,
				FC1E83D91F78D04C00F95589 /* WKWebViewController.swift in Sources */,
				FC337D191F5FA0810095F319 /* DeviceUtils.swift in Sources */,
				FCC4D2451F5520F800D0A14B /* wqcom.xcdatamodeld in Sources */,
				FCC4D23D1F5520F800D0A14B /* AppDelegate.swift in Sources */,
				FCC4D2541F55242A00D0A14B /* WebViewController.swift in Sources */,
				FCC4D2521F55222B00D0A14B /* Constants.swift in Sources */,
			);
			runOnlyForDeploymentPostprocessing = 0;
		};
/* End PBXSourcesBuildPhase section */

/* Begin PBXVariantGroup section */
		FCC4D2401F5520F800D0A14B /* Main.storyboard */ = {
			isa = PBXVariantGroup;
			children = (
				FCC4D2411F5520F800D0A14B /* Base */,
			);
			name = Main.storyboard;
			sourceTree = "<group>";
		};
		FCC4D2481F5520F800D0A14B /* LaunchScreen.storyboard */ = {
			isa = PBXVariantGroup;
			children = (
				FCC4D2491F5520F800D0A14B /* Base */,
			);
			name = LaunchScreen.storyboard;
			sourceTree = "<group>";
		};
/* End PBXVariantGroup section */

/* Begin XCBuildConfiguration section */
		FCC4D24C1F5520F800D0A14B /* Debug */ = {
			isa = XCBuildConfiguration;
			buildSettings = {
				ALWAYS_SEARCH_USER_PATHS = NO;
				CLANG_ANALYZER_NONNULL = YES;
				CLANG_ANALYZER_NUMBER_OBJECT_CONVERSION = YES_AGGRESSIVE;
				CLANG_CXX_LANGUAGE_STANDARD = "gnu++0x";
				CLANG_CXX_LIBRARY = "libc++";
				CLANG_ENABLE_MODULES = YES;
				CLANG_ENABLE_OBJC_ARC = YES;
				CLANG_WARN_BOOL_CONVERSION = YES;
				CLANG_WARN_CONSTANT_CONVERSION = YES;
				CLANG_WARN_DIRECT_OBJC_ISA_USAGE = YES_ERROR;
				CLANG_WARN_DOCUMENTATION_COMMENTS = YES;
				CLANG_WARN_EMPTY_BODY = YES;
				CLANG_WARN_ENUM_CONVERSION = YES;
				CLANG_WARN_INFINITE_RECURSION = YES;
				CLANG_WARN_INT_CONVERSION = YES;
				CLANG_WARN_OBJC_ROOT_CLASS = YES_ERROR;
				CLANG_WARN_SUSPICIOUS_MOVE = YES;
				CLANG_WARN_UNREACHABLE_CODE = YES;
				CLANG_WARN__DUPLICATE_METHOD_MATCH = YES;
				"CODE_SIGN_IDENTITY[sdk=iphoneos*]" = "iPhone Developer: Jason   Lee (83QAARW67Z)";
				COPY_PHASE_STRIP = NO;
				DEBUG_INFORMATION_FORMAT = dwarf;
				ENABLE_STRICT_OBJC_MSGSEND = YES;
				ENABLE_TESTABILITY = YES;
				GCC_C_LANGUAGE_STANDARD = gnu99;
				GCC_DYNAMIC_NO_PIC = NO;
				GCC_NO_COMMON_BLOCKS = YES;
				GCC_OPTIMIZATION_LEVEL = 0;
				GCC_PREPROCESSOR_DEFINITIONS = (
					"DEBUG=1",
					"$(inherited)",
				);
				GCC_WARN_64_TO_32_BIT_CONVERSION = YES;
				GCC_WARN_ABOUT_RETURN_TYPE = YES_ERROR;
				GCC_WARN_UNDECLARED_SELECTOR = YES;
				GCC_WARN_UNINITIALIZED_AUTOS = YES_AGGRESSIVE;
				GCC_WARN_UNUSED_FUNCTION = YES;
				GCC_WARN_UNUSED_VARIABLE = YES;
				IPHONEOS_DEPLOYMENT_TARGET = 10.0;
				MTL_ENABLE_DEBUG_INFO = YES;
				ONLY_ACTIVE_ARCH = YES;
				SDKROOT = iphoneos;
				SWIFT_ACTIVE_COMPILATION_CONDITIONS = DEBUG;
				SWIFT_OPTIMIZATION_LEVEL = "-Onone";
			};
			name = Debug;
		};
		FCC4D24D1F5520F800D0A14B /* Release */ = {
			isa = XCBuildConfiguration;
			buildSettings = {
				ALWAYS_SEARCH_USER_PATHS = NO;
				CLANG_ANALYZER_NONNULL = YES;
				CLANG_ANALYZER_NUMBER_OBJECT_CONVERSION = YES_AGGRESSIVE;
				CLANG_CXX_LANGUAGE_STANDARD = "gnu++0x";
				CLANG_CXX_LIBRARY = "libc++";
				CLANG_ENABLE_MODULES = YES;
				CLANG_ENABLE_OBJC_ARC = YES;
				CLANG_WARN_BOOL_CONVERSION = YES;
				CLANG_WARN_CONSTANT_CONVERSION = YES;
				CLANG_WARN_DIRECT_OBJC_ISA_USAGE = YES_ERROR;
				CLANG_WARN_DOCUMENTATION_COMMENTS = YES;
				CLANG_WARN_EMPTY_BODY = YES;
				CLANG_WARN_ENUM_CONVERSION = YES;
				CLANG_WARN_INFINITE_RECURSION = YES;
				CLANG_WARN_INT_CONVERSION = YES;
				CLANG_WARN_OBJC_ROOT_CLASS = YES_ERROR;
				CLANG_WARN_SUSPICIOUS_MOVE = YES;
				CLANG_WARN_UNREACHABLE_CODE = YES;
				CLANG_WARN__DUPLICATE_METHOD_MATCH = YES;
				"CODE_SIGN_IDENTITY[sdk=iphoneos*]" = "iPhone Distribution: Jason   Lee (F2PQWDVT9F)";
				COPY_PHASE_STRIP = NO;
				DEBUG_INFORMATION_FORMAT = "dwarf-with-dsym";
				ENABLE_NS_ASSERTIONS = NO;
				ENABLE_STRICT_OBJC_MSGSEND = YES;
				GCC_C_LANGUAGE_STANDARD = gnu99;
				GCC_NO_COMMON_BLOCKS = YES;
				GCC_WARN_64_TO_32_BIT_CONVERSION = YES;
				GCC_WARN_ABOUT_RETURN_TYPE = YES_ERROR;
				GCC_WARN_UNDECLARED_SELECTOR = YES;
				GCC_WARN_UNINITIALIZED_AUTOS = YES_AGGRESSIVE;
				GCC_WARN_UNUSED_FUNCTION = YES;
				GCC_WARN_UNUSED_VARIABLE = YES;
				IPHONEOS_DEPLOYMENT_TARGET = 10.0;
				MTL_ENABLE_DEBUG_INFO = NO;
				SDKROOT = iphoneos;
				SWIFT_OPTIMIZATION_LEVEL = "-Owholemodule";
				VALIDATE_PRODUCT = YES;
			};
			name = Release;
		};
		FCC4D24F1F5520F800D0A14B /* Debug */ = {
			isa = XCBuildConfiguration;
			baseConfigurationReference = 5300B86EFA9E81CEF85E1BB5 /* Pods-wqcom.debug.xcconfig */;
			buildSettings = {
				ASSETCATALOG_COMPILER_APPICON_NAME = AppIcon;
				CODE_SIGN_ENTITLEMENTS = wqcom/wqcom.entitlements;
				"CODE_SIGN_IDENTITY[sdk=iphoneos*]" = "iPhone Developer";
				DEVELOPMENT_TEAM = F2PQWDVT9F;
				INFOPLIST_FILE = wqcom/Info.plist;
				IPHONEOS_DEPLOYMENT_TARGET = 10.0;
				LD_RUNPATH_SEARCH_PATHS = "$(inherited) @executable_path/Frameworks";
				PRODUCT_BUNDLE_IDENTIFIER = com.jjlee.wqcom;
				PRODUCT_NAME = "$(TARGET_NAME)";
				PROVISIONING_PROFILE = "9a4b65f5-da98-4415-895e-bc6db0476b50";
				PROVISIONING_PROFILE_SPECIFIER = wqcom_development;
				SWIFT_VERSION = 3.0;
				TARGETED_DEVICE_FAMILY = "1,2";
			};
			name = Debug;
		};
		FCC4D2501F5520F800D0A14B /* Release */ = {
			isa = XCBuildConfiguration;
			baseConfigurationReference = C03200E4ED4504292AFAA20A /* Pods-wqcom.release.xcconfig */;
			buildSettings = {
				ASSETCATALOG_COMPILER_APPICON_NAME = AppIcon;
				CODE_SIGN_ENTITLEMENTS = wqcom/wqcom.entitlements;
				"CODE_SIGN_IDENTITY[sdk=iphoneos*]" = "iPhone Distribution";
				DEVELOPMENT_TEAM = F2PQWDVT9F;
				INFOPLIST_FILE = wqcom/Info.plist;
				IPHONEOS_DEPLOYMENT_TARGET = 10.0;
				LD_RUNPATH_SEARCH_PATHS = "$(inherited) @executable_path/Frameworks";
				PRODUCT_BUNDLE_IDENTIFIER = com.jjlee.wqcom;
				PRODUCT_NAME = "$(TARGET_NAME)";
				PROVISIONING_PROFILE = "84481dfc-f89e-4002-8789-3573393e9e52";
				PROVISIONING_PROFILE_SPECIFIER = wqcom_production;
				SWIFT_VERSION = 3.0;
				TARGETED_DEVICE_FAMILY = "1,2";
			};
			name = Release;
		};
/* End XCBuildConfiguration section */

/* Begin XCConfigurationList section */
		FCC4D2341F5520F800D0A14B /* Build configuration list for PBXProject "Wqcom" */ = {
			isa = XCConfigurationList;
			buildConfigurations = (
				FCC4D24C1F5520F800D0A14B /* Debug */,
				FCC4D24D1F5520F800D0A14B /* Release */,
			);
			defaultConfigurationIsVisible = 0;
			defaultConfigurationName = Release;
		};
		FCC4D24E1F5520F800D0A14B /* Build configuration list for PBXNativeTarget "wqcom" */ = {
			isa = XCConfigurationList;
			buildConfigurations = (
				FCC4D24F1F5520F800D0A14B /* Debug */,
				FCC4D2501F5520F800D0A14B /* Release */,
			);
			defaultConfigurationIsVisible = 0;
			defaultConfigurationName = Release;
		};
/* End XCConfigurationList section */

/* Begin XCVersionGroup section */
		FCC4D2431F5520F800D0A14B /* wqcom.xcdatamodeld */ = {
			isa = XCVersionGroup;
			children = (
				FCC4D2441F5520F800D0A14B /* wqcom.xcdatamodel */,
			);
			currentVersion = FCC4D2441F5520F800D0A14B /* wqcom.xcdatamodel */;
			path = wqcom.xcdatamodeld;
			sourceTree = "<group>";
			versionGroupType = wrapper.xcdatamodel;
		};
/* End XCVersionGroup section */
	};
	rootObject = FCC4D2311F5520F800D0A14B /* Project object */;
}
